
Microsoft Visual Studio Solution File, Format Version 12.00
# Visual Studio Version 16
VisualStudioVersion = 16.0.31313.79
MinimumVisualStudioVersion = 10.0.40219.1
Project("{FAE04EC0-301F-11D3-BF4B-00C04F79EFBC}") = "FormsForArrays", "FormsForArrays\FormsForArrays.csproj", "{27995AA4-55FA-4F83-AE8C-5449CF82E3BF}"
EndProject
Project("{FAE04EC0-301F-11D3-BF4B-00C04F79EFBC}") = "MyLib", "MyLib\MyLib.csproj", "{9385F9BD-0F66-4FEC-972C-FE44F24BED52}"
EndProject
Project("{FAE04EC0-301F-11D3-BF4B-00C04F79EFBC}") = "MyTests", "MyTests\MyTests.csproj", "{E61E7853-B78B-4B5E-9DB6-C5D38E4E21F0}"
EndProject
Global
	GlobalSection(SolutionConfigurationPlatforms) = preSolution
		Debug|Any CPU = Debug|Any CPU
		Release|Any CPU = Release|Any CPU
	EndGlobalSection
	GlobalSection(ProjectConfigurationPlatforms) = postSolution
		{27995AA4-55FA-4F83-AE8C-5449CF82E3BF}.Debug|Any CPU.ActiveCfg = Debug|Any CPU
		{27995AA4-55FA-4F83-AE8C-5449CF82E3BF}.Debug|Any CPU.Build.0 = Debug|Any CPU
		{27995AA4-55FA-4F83-AE8C-5449CF82E3BF}.Release|Any CPU.ActiveCfg = Release|Any CPU
		{27995AA4-55FA-4F83-AE8C-5449CF82E3BF}.Release|Any CPU.Build.0 = Release|Any CPU
		{9385F9BD-0F66-4FEC-972C-FE44F24BED52}.Debug|Any CPU.ActiveCfg = Debug|Any CPU
		{9385F9BD-0F66-4FEC-972C-FE44F24BED52}.Debug|Any CPU.Build.0 = Debug|Any CPU
		{9385F9BD-0F66-4FEC-972C-FE44F24BED52}.Release|Any CPU.ActiveCfg = Release|Any CPU
		{9385F9BD-0F66-4FEC-972C-FE44F24BED52}.Release|Any CPU.Build.0 = Release|Any CPU
		{E61E7853-B78B-4B5E-9DB6-C5D38E4E21F0}.Debug|Any CPU.ActiveCfg = Debug|Any CPU
		{E61E7853-B78B-4B5E-9DB6-C5D38E4E21F0}.Debug|Any CPU.Build.0 = Debug|Any CPU
		{E61E7853-B78B-4B5E-9DB6-C5D38E4E21F0}.Release|Any CPU.ActiveCfg = Release|Any CPU
		{E61E7853-B78B-4B5E-9DB6-C5D38E4E21F0}.Release|Any CPU.Build.0 = Release|Any CPU
	EndGlobalSection
	GlobalSection(SolutionProperties) = preSolution
		HideSolutionNode = FALSE
	EndGlobalSection
	GlobalSection(ExtensibilityGlobals) = postSolution
		SolutionGuid = {4BA9CF8F-CC7A-4FBE-95D6-FA1814064A65}
	EndGlobalSection
EndGlobal
